// !$*UTF8*$!
{
	archiveVersion = 1;
	classes = {
	};
	objectVersion = 56;
	objects = {

/* Begin PBXBuildFile section */
		31889C183E474FAF76328F97 /* Pods_GOONS_Searching.framework in Frameworks */ = {isa = PBXBuildFile; fileRef = 45C5E321043617AD752E3A0B /* Pods_GOONS_Searching.framework */; };
		7D4F93492AC0CD5C001D482D /* SearchTableViewCell.swift in Sources */ = {isa = PBXBuildFile; fileRef = 7D4F93482AC0CD5C001D482D /* SearchTableViewCell.swift */; };
		7D77F3FA2AC0857700359846 /* AppDelegate.swift in Sources */ = {isa = PBXBuildFile; fileRef = 7D77F3F92AC0857700359846 /* AppDelegate.swift */; };
		7D77F3FC2AC0857700359846 /* SceneDelegate.swift in Sources */ = {isa = PBXBuildFile; fileRef = 7D77F3FB2AC0857700359846 /* SceneDelegate.swift */; };
		7D77F3FE2AC0857700359846 /* SearchListViewController.swift in Sources */ = {isa = PBXBuildFile; fileRef = 7D77F3FD2AC0857700359846 /* SearchListViewController.swift */; };
		7D77F4012AC0857700359846 /* Main.storyboard in Resources */ = {isa = PBXBuildFile; fileRef = 7D77F3FF2AC0857700359846 /* Main.storyboard */; };
		7D77F4032AC0857900359846 /* Assets.xcassets in Resources */ = {isa = PBXBuildFile; fileRef = 7D77F4022AC0857900359846 /* Assets.xcassets */; };
		7D77F4062AC0857900359846 /* LaunchScreen.storyboard in Resources */ = {isa = PBXBuildFile; fileRef = 7D77F4042AC0857900359846 /* LaunchScreen.storyboard */; };
		7DE5FAEF2AC311F800942BA2 /* SearchDataModel.swift in Sources */ = {isa = PBXBuildFile; fileRef = 7DE5FAEE2AC311F800942BA2 /* SearchDataModel.swift */; };
		7DE5FAF22AC3413600942BA2 /* SearchListRepository.swift in Sources */ = {isa = PBXBuildFile; fileRef = 7DE5FAF12AC3413600942BA2 /* SearchListRepository.swift */; };
/* End PBXBuildFile section */

/* Begin PBXCopyFilesBuildPhase section */
		7D77F4192AC0ADAE00359846 /* Embed Frameworks */ = {
			isa = PBXCopyFilesBuildPhase;
			buildActionMask = 2147483647;
			dstPath = "";
			dstSubfolderSpec = 10;
			files = (
			);
			name = "Embed Frameworks";
			runOnlyForDeploymentPostprocessing = 0;
		};
/* End PBXCopyFilesBuildPhase section */

/* Begin PBXFileReference section */
		45C5E321043617AD752E3A0B /* Pods_GOONS_Searching.framework */ = {isa = PBXFileReference; explicitFileType = wrapper.framework; includeInIndex = 0; path = Pods_GOONS_Searching.framework; sourceTree = BUILT_PRODUCTS_DIR; };
		4B2074764CDF4C6FAFA3BA5F /* Pods-GOONS_Searching.release.xcconfig */ = {isa = PBXFileReference; includeInIndex = 1; lastKnownFileType = text.xcconfig; name = "Pods-GOONS_Searching.release.xcconfig"; path = "Target Support Files/Pods-GOONS_Searching/Pods-GOONS_Searching.release.xcconfig"; sourceTree = "<group>"; };
		7D4F93482AC0CD5C001D482D /* SearchTableViewCell.swift */ = {isa = PBXFileReference; lastKnownFileType = sourcecode.swift; path = SearchTableViewCell.swift; sourceTree = "<group>"; };
		7D77F3F62AC0857700359846 /* GOONS_Searching.app */ = {isa = PBXFileReference; explicitFileType = wrapper.application; includeInIndex = 0; path = GOONS_Searching.app; sourceTree = BUILT_PRODUCTS_DIR; };
		7D77F3F92AC0857700359846 /* AppDelegate.swift */ = {isa = PBXFileReference; lastKnownFileType = sourcecode.swift; path = AppDelegate.swift; sourceTree = "<group>"; };
		7D77F3FB2AC0857700359846 /* SceneDelegate.swift */ = {isa = PBXFileReference; lastKnownFileType = sourcecode.swift; path = SceneDelegate.swift; sourceTree = "<group>"; };
		7D77F3FD2AC0857700359846 /* SearchListViewController.swift */ = {isa = PBXFileReference; lastKnownFileType = sourcecode.swift; path = SearchListViewController.swift; sourceTree = "<group>"; };
		7D77F4002AC0857700359846 /* Base */ = {isa = PBXFileReference; lastKnownFileType = file.storyboard; name = Base; path = Base.lproj/Main.storyboard; sourceTree = "<group>"; };
		7D77F4022AC0857900359846 /* Assets.xcassets */ = {isa = PBXFileReference; lastKnownFileType = folder.assetcatalog; path = Assets.xcassets; sourceTree = "<group>"; };
		7D77F4052AC0857900359846 /* Base */ = {isa = PBXFileReference; lastKnownFileType = file.storyboard; name = Base; path = Base.lproj/LaunchScreen.storyboard; sourceTree = "<group>"; };
		7D77F4072AC0857900359846 /* Info.plist */ = {isa = PBXFileReference; lastKnownFileType = text.plist.xml; path = Info.plist; sourceTree = "<group>"; };
		7DE5FAEE2AC311F800942BA2 /* SearchDataModel.swift */ = {isa = PBXFileReference; lastKnownFileType = sourcecode.swift; path = SearchDataModel.swift; sourceTree = "<group>"; };
		7DE5FAF12AC3413600942BA2 /* SearchListRepository.swift */ = {isa = PBXFileReference; lastKnownFileType = sourcecode.swift; path = SearchListRepository.swift; sourceTree = "<group>"; };
		8B63DF05B4A962EE9AE84A4A /* Pods-GOONS_Searching.debug.xcconfig */ = {isa = PBXFileReference; includeInIndex = 1; lastKnownFileType = text.xcconfig; name = "Pods-GOONS_Searching.debug.xcconfig"; path = "Target Support Files/Pods-GOONS_Searching/Pods-GOONS_Searching.debug.xcconfig"; sourceTree = "<group>"; };
/* End PBXFileReference section */

/* Begin PBXFrameworksBuildPhase section */
		7D77F3F32AC0857700359846 /* Frameworks */ = {
			isa = PBXFrameworksBuildPhase;
			buildActionMask = 2147483647;
			files = (
				31889C183E474FAF76328F97 /* Pods_GOONS_Searching.framework in Frameworks */,
			);
			runOnlyForDeploymentPostprocessing = 0;
		};
/* End PBXFrameworksBuildPhase section */

/* Begin PBXGroup section */
		56AD9A98EF157365FD1FB01F /* Frameworks */ = {
			isa = PBXGroup;
			children = (
				45C5E321043617AD752E3A0B /* Pods_GOONS_Searching.framework */,
			);
			name = Frameworks;
			sourceTree = "<group>";
		};
		7B1B67676BA6C1845763C813 /* Pods */ = {
			isa = PBXGroup;
			children = (
				8B63DF05B4A962EE9AE84A4A /* Pods-GOONS_Searching.debug.xcconfig */,
				4B2074764CDF4C6FAFA3BA5F /* Pods-GOONS_Searching.release.xcconfig */,
			);
			path = Pods;
			sourceTree = "<group>";
		};
		7D4F93472AC0CB51001D482D /* TableViewCell */ = {
			isa = PBXGroup;
			children = (
				7D4F93482AC0CD5C001D482D /* SearchTableViewCell.swift */,
			);
			path = TableViewCell;
			sourceTree = "<group>";
		};
		7D77F3ED2AC0857700359846 = {
			isa = PBXGroup;
			children = (
				7D77F3F82AC0857700359846 /* GOONS_Searching */,
				7D77F3F72AC0857700359846 /* Products */,
				7B1B67676BA6C1845763C813 /* Pods */,
				56AD9A98EF157365FD1FB01F /* Frameworks */,
			);
			sourceTree = "<group>";
		};
		7D77F3F72AC0857700359846 /* Products */ = {
			isa = PBXGroup;
			children = (
				7D77F3F62AC0857700359846 /* GOONS_Searching.app */,
			);
			name = Products;
			sourceTree = "<group>";
		};
		7D77F3F82AC0857700359846 /* GOONS_Searching */ = {
			isa = PBXGroup;
			children = (
				7DE5FAF02AC340FA00942BA2 /* Repository */,
				7DE5FAED2AC311CB00942BA2 /* Model */,
				7D77F3F92AC0857700359846 /* AppDelegate.swift */,
				7D77F3FB2AC0857700359846 /* SceneDelegate.swift */,
				7D77F40D2AC08AB400359846 /* ViewController */,
				7D4F93472AC0CB51001D482D /* TableViewCell */,
				7D77F3FF2AC0857700359846 /* Main.storyboard */,
				7D77F4022AC0857900359846 /* Assets.xcassets */,
				7D77F4042AC0857900359846 /* LaunchScreen.storyboard */,
				7D77F4072AC0857900359846 /* Info.plist */,
			);
			path = GOONS_Searching;
			sourceTree = "<group>";
		};
		7D77F40D2AC08AB400359846 /* ViewController */ = {
			isa = PBXGroup;
			children = (
				7D77F3FD2AC0857700359846 /* SearchListViewController.swift */,
			);
			path = ViewController;
			sourceTree = "<group>";
		};
		7DE5FAED2AC311CB00942BA2 /* Model */ = {
			isa = PBXGroup;
			children = (
				7DE5FAEE2AC311F800942BA2 /* SearchDataModel.swift */,
			);
			path = Model;
			sourceTree = "<group>";
		};
		7DE5FAF02AC340FA00942BA2 /* Repository */ = {
			isa = PBXGroup;
			children = (
				7DE5FAF12AC3413600942BA2 /* SearchListRepository.swift */,
			);
			path = Repository;
			sourceTree = "<group>";
		};
/* End PBXGroup section */

/* Begin PBXNativeTarget section */
		7D77F3F52AC0857700359846 /* GOONS_Searching */ = {
			isa = PBXNativeTarget;
			buildConfigurationList = 7D77F40A2AC0857900359846 /* Build configuration list for PBXNativeTarget "GOONS_Searching" */;
			buildPhases = (
				639307C52AEBD9BA4418550A /* [CP] Check Pods Manifest.lock */,
				7D77F3F22AC0857700359846 /* Sources */,
				7D77F3F32AC0857700359846 /* Frameworks */,
				7D77F3F42AC0857700359846 /* Resources */,
				7D77F4192AC0ADAE00359846 /* Embed Frameworks */,
				2D3076969B7389D80895F133 /* [CP] Embed Pods Frameworks */,
			);
			buildRules = (
			);
			dependencies = (
			);
			name = GOONS_Searching;
			productName = GOONS_Searching;
			productReference = 7D77F3F62AC0857700359846 /* GOONS_Searching.app */;
			productType = "com.apple.product-type.application";
		};
/* End PBXNativeTarget section */

/* Begin PBXProject section */
		7D77F3EE2AC0857700359846 /* Project object */ = {
			isa = PBXProject;
			attributes = {
				BuildIndependentTargetsInParallel = 1;
				LastSwiftUpdateCheck = 1430;
				LastUpgradeCheck = 1430;
				TargetAttributes = {
					7D77F3F52AC0857700359846 = {
						CreatedOnToolsVersion = 14.3;
					};
				};
			};
			buildConfigurationList = 7D77F3F12AC0857700359846 /* Build configuration list for PBXProject "GOONS_Searching" */;
			compatibilityVersion = "Xcode 14.0";
			developmentRegion = en;
			hasScannedForEncodings = 0;
			knownRegions = (
				en,
				Base,
			);
			mainGroup = 7D77F3ED2AC0857700359846;
			productRefGroup = 7D77F3F72AC0857700359846 /* Products */;
			projectDirPath = "";
			projectRoot = "";
			targets = (
				7D77F3F52AC0857700359846 /* GOONS_Searching */,
			);
		};
/* End PBXProject section */

/* Begin PBXResourcesBuildPhase section */
		7D77F3F42AC0857700359846 /* Resources */ = {
			isa = PBXResourcesBuildPhase;
			buildActionMask = 2147483647;
			files = (
				7D77F4062AC0857900359846 /* LaunchScreen.storyboard in Resources */,
				7D77F4032AC0857900359846 /* Assets.xcassets in Resources */,
				7D77F4012AC0857700359846 /* Main.storyboard in Resources */,
			);
			runOnlyForDeploymentPostprocessing = 0;
		};
/* End PBXResourcesBuildPhase section */

/* Begin PBXShellScriptBuildPhase section */
		2D3076969B7389D80895F133 /* [CP] Embed Pods Frameworks */ = {
			isa = PBXShellScriptBuildPhase;
			buildActionMask = 2147483647;
			files = (
			);
			inputFileListPaths = (
				"${PODS_ROOT}/Target Support Files/Pods-GOONS_Searching/Pods-GOONS_Searching-frameworks-${CONFIGURATION}-input-files.xcfilelist",
			);
			name = "[CP] Embed Pods Frameworks";
			outputFileListPaths = (
				"${PODS_ROOT}/Target Support Files/Pods-GOONS_Searching/Pods-GOONS_Searching-frameworks-${CONFIGURATION}-output-files.xcfilelist",
			);
			runOnlyForDeploymentPostprocessing = 0;
			shellPath = /bin/sh;
			shellScript = "\"${PODS_ROOT}/Target Support Files/Pods-GOONS_Searching/Pods-GOONS_Searching-frameworks.sh\"\n";
			showEnvVarsInLog = 0;
		};
		639307C52AEBD9BA4418550A /* [CP] Check Pods Manifest.lock */ = {
			isa = PBXShellScriptBuildPhase;
			buildActionMask = 2147483647;
			files = (
			);
			inputFileListPaths = (
			);
			inputPaths = (
				"${PODS_PODFILE_DIR_PATH}/Podfile.lock",
				"${PODS_ROOT}/Manifest.lock",
			);
			name = "[CP] Check Pods Manifest.lock";
			outputFileListPaths = (
			);
			outputPaths = (
				"$(DERIVED_FILE_DIR)/Pods-GOONS_Searching-checkManifestLockResult.txt",
			);
			runOnlyForDeploymentPostprocessing = 0;
			shellPath = /bin/sh;
			shellScript = "diff \"${PODS_PODFILE_DIR_PATH}/Podfile.lock\" \"${PODS_ROOT}/Manifest.lock\" > /dev/null\nif [ $? != 0 ] ; then\n    # print error to STDERR\n    echo \"error: The sandbox is not in sync with the Podfile.lock. Run 'pod install' or update your CocoaPods installation.\" >&2\n    exit 1\nfi\n# This output is used by Xcode 'outputs' to avoid re-running this script phase.\necho \"SUCCESS\" > \"${SCRIPT_OUTPUT_FILE_0}\"\n";
			showEnvVarsInLog = 0;
		};
/* End PBXShellScriptBuildPhase section */

/* Begin PBXSourcesBuildPhase section */
		7D77F3F22AC0857700359846 /* Sources */ = {
			isa = PBXSourcesBuildPhase;
			buildActionMask = 2147483647;
			files = (
				7D77F3FE2AC0857700359846 /* SearchListViewController.swift in Sources */,
				7D4F93492AC0CD5C001D482D /* SearchTableViewCell.swift in Sources */,
				7D77F3FA2AC0857700359846 /* AppDelegate.swift in Sources */,
				7DE5FAEF2AC311F800942BA2 /* SearchDataModel.swift in Sources */,
				7D77F3FC2AC0857700359846 /* SceneDelegate.swift in Sources */,
				7DE5FAF22AC3413600942BA2 /* SearchListRepository.swift in Sources */,
			);
			runOnlyForDeploymentPostprocessing = 0;
		};
/* End PBXSourcesBuildPhase section */

/* Begin PBXVariantGroup section */
		7D77F3FF2AC0857700359846 /* Main.storyboard */ = {
			isa = PBXVariantGroup;
			children = (
				7D77F4002AC0857700359846 /* Base */,
			);
			name = Main.storyboard;
			sourceTree = "<group>";
		};
		7D77F4042AC0857900359846 /* LaunchScreen.storyboard */ = {
			isa = PBXVariantGroup;
			children = (
				7D77F4052AC0857900359846 /* Base */,
			);
			name = LaunchScreen.storyboard;
			sourceTree = "<group>";
		};
/* End PBXVariantGroup section */

/* Begin XCBuildConfiguration section */
		7D77F4082AC0857900359846 /* Debug */ = {
			isa = XCBuildConfiguration;
			buildSettings = {
				ALWAYS_SEARCH_USER_PATHS = NO;
				CLANG_ANALYZER_NONNULL = YES;
				CLANG_ANALYZER_NUMBER_OBJECT_CONVERSION = YES_AGGRESSIVE;
				CLANG_CXX_LANGUAGE_STANDARD = "gnu++20";
				CLANG_ENABLE_MODULES = YES;
				CLANG_ENABLE_OBJC_ARC = YES;
				CLANG_ENABLE_OBJC_WEAK = YES;
				CLANG_WARN_BLOCK_CAPTURE_AUTORELEASING = YES;
				CLANG_WARN_BOOL_CONVERSION = YES;
				CLANG_WARN_COMMA = YES;
				CLANG_WARN_CONSTANT_CONVERSION = YES;
				CLANG_WARN_DEPRECATED_OBJC_IMPLEMENTATIONS = YES;
				CLANG_WARN_DIRECT_OBJC_ISA_USAGE = YES_ERROR;
				CLANG_WARN_DOCUMENTATION_COMMENTS = YES;
				CLANG_WARN_EMPTY_BODY = YES;
				CLANG_WARN_ENUM_CONVERSION = YES;
				CLANG_WARN_INFINITE_RECURSION = YES;
				CLANG_WARN_INT_CONVERSION = YES;
				CLANG_WARN_NON_LITERAL_NULL_CONVERSION = YES;
				CLANG_WARN_OBJC_IMPLICIT_RETAIN_SELF = YES;
				CLANG_WARN_OBJC_LITERAL_CONVERSION = YES;
				CLANG_WARN_OBJC_ROOT_CLASS = YES_ERROR;
				CLANG_WARN_QUOTED_INCLUDE_IN_FRAMEWORK_HEADER = YES;
				CLANG_WARN_RANGE_LOOP_ANALYSIS = YES;
				CLANG_WARN_STRICT_PROTOTYPES = YES;
				CLANG_WARN_SUSPICIOUS_MOVE = YES;
				CLANG_WARN_UNGUARDED_AVAILABILITY = YES_AGGRESSIVE;
				CLANG_WARN_UNREACHABLE_CODE = YES;
				CLANG_WARN__DUPLICATE_METHOD_MATCH = YES;
				COPY_PHASE_STRIP = NO;
				DEBUG_INFORMATION_FORMAT = dwarf;
				ENABLE_STRICT_OBJC_MSGSEND = YES;
				ENABLE_TESTABILITY = YES;
				GCC_C_LANGUAGE_STANDARD = gnu11;
				GCC_DYNAMIC_NO_PIC = NO;
				GCC_NO_COMMON_BLOCKS = YES;
				GCC_OPTIMIZATION_LEVEL = 0;
				GCC_PREPROCESSOR_DEFINITIONS = (
					"DEBUG=1",
					"$(inherited)",
				);
				GCC_WARN_64_TO_32_BIT_CONVERSION = YES;
				GCC_WARN_ABOUT_RETURN_TYPE = YES_ERROR;
				GCC_WARN_UNDECLARED_SELECTOR = YES;
				GCC_WARN_UNINITIALIZED_AUTOS = YES_AGGRESSIVE;
				GCC_WARN_UNUSED_FUNCTION = YES;
				GCC_WARN_UNUSED_VARIABLE = YES;
				IPHONEOS_DEPLOYMENT_TARGET = 16.4;
				MTL_ENABLE_DEBUG_INFO = INCLUDE_SOURCE;
				MTL_FAST_MATH = YES;
				ONLY_ACTIVE_ARCH = YES;
				SDKROOT = iphoneos;
				SWIFT_ACTIVE_COMPILATION_CONDITIONS = DEBUG;
				SWIFT_OPTIMIZATION_LEVEL = "-Onone";
			};
			name = Debug;
		};
		7D77F4092AC0857900359846 /* Release */ = {
			isa = XCBuildConfiguration;
			buildSettings = {
				ALWAYS_SEARCH_USER_PATHS = NO;
				CLANG_ANALYZER_NONNULL = YES;
				CLANG_ANALYZER_NUMBER_OBJECT_CONVERSION = YES_AGGRESSIVE;
				CLANG_CXX_LANGUAGE_STANDARD = "gnu++20";
				CLANG_ENABLE_MODULES = YES;
				CLANG_ENABLE_OBJC_ARC = YES;
				CLANG_ENABLE_OBJC_WEAK = YES;
				CLANG_WARN_BLOCK_CAPTURE_AUTORELEASING = YES;
				CLANG_WARN_BOOL_CONVERSION = YES;
				CLANG_WARN_COMMA = YES;
				CLANG_WARN_CONSTANT_CONVERSION = YES;
				CLANG_WARN_DEPRECATED_OBJC_IMPLEMENTATIONS = YES;
				CLANG_WARN_DIRECT_OBJC_ISA_USAGE = YES_ERROR;
				CLANG_WARN_DOCUMENTATION_COMMENTS = YES;
				CLANG_WARN_EMPTY_BODY = YES;
				CLANG_WARN_ENUM_CONVERSION = YES;
				CLANG_WARN_INFINITE_RECURSION = YES;
				CLANG_WARN_INT_CONVERSION = YES;
				CLANG_WARN_NON_LITERAL_NULL_CONVERSION = YES;
				CLANG_WARN_OBJC_IMPLICIT_RETAIN_SELF = YES;
				CLANG_WARN_OBJC_LITERAL_CONVERSION = YES;
				CLANG_WARN_OBJC_ROOT_CLASS = YES_ERROR;
				CLANG_WARN_QUOTED_INCLUDE_IN_FRAMEWORK_HEADER = YES;
				CLANG_WARN_RANGE_LOOP_ANALYSIS = YES;
				CLANG_WARN_STRICT_PROTOTYPES = YES;
				CLANG_WARN_SUSPICIOUS_MOVE = YES;
				CLANG_WARN_UNGUARDED_AVAILABILITY = YES_AGGRESSIVE;
				CLANG_WARN_UNREACHABLE_CODE = YES;
				CLANG_WARN__DUPLICATE_METHOD_MATCH = YES;
				COPY_PHASE_STRIP = NO;
				DEBUG_INFORMATION_FORMAT = "dwarf-with-dsym";
				ENABLE_NS_ASSERTIONS = NO;
				ENABLE_STRICT_OBJC_MSGSEND = YES;
				GCC_C_LANGUAGE_STANDARD = gnu11;
				GCC_NO_COMMON_BLOCKS = YES;
				GCC_WARN_64_TO_32_BIT_CONVERSION = YES;
				GCC_WARN_ABOUT_RETURN_TYPE = YES_ERROR;
				GCC_WARN_UNDECLARED_SELECTOR = YES;
				GCC_WARN_UNINITIALIZED_AUTOS = YES_AGGRESSIVE;
				GCC_WARN_UNUSED_FUNCTION = YES;
				GCC_WARN_UNUSED_VARIABLE = YES;
				IPHONEOS_DEPLOYMENT_TARGET = 16.4;
				MTL_ENABLE_DEBUG_INFO = NO;
				MTL_FAST_MATH = YES;
				SDKROOT = iphoneos;
				SWIFT_COMPILATION_MODE = wholemodule;
				SWIFT_OPTIMIZATION_LEVEL = "-O";
				VALIDATE_PRODUCT = YES;
			};
			name = Release;
		};
		7D77F40B2AC0857900359846 /* Debug */ = {
			isa = XCBuildConfiguration;
			baseConfigurationReference = 8B63DF05B4A962EE9AE84A4A /* Pods-GOONS_Searching.debug.xcconfig */;
			buildSettings = {
				ASSETCATALOG_COMPILER_APPICON_NAME = AppIcon;
				ASSETCATALOG_COMPILER_GLOBAL_ACCENT_COLOR_NAME = AccentColor;
				CODE_SIGN_STYLE = Automatic;
				CURRENT_PROJECT_VERSION = 1;
				GENERATE_INFOPLIST_FILE = YES;
				INFOPLIST_FILE = GOONS_Searching/Info.plist;
				INFOPLIST_KEY_UIApplicationSupportsIndirectInputEvents = YES;
				INFOPLIST_KEY_UILaunchStoryboardName = LaunchScreen;
				INFOPLIST_KEY_UIMainStoryboardFile = Main;
				INFOPLIST_KEY_UISupportedInterfaceOrientations_iPad = "UIInterfaceOrientationPortrait UIInterfaceOrientationPortraitUpsideDown UIInterfaceOrientationLandscapeLeft UIInterfaceOrientationLandscapeRight";
				INFOPLIST_KEY_UISupportedInterfaceOrientations_iPhone = "UIInterfaceOrientationPortrait UIInterfaceOrientationLandscapeLeft UIInterfaceOrientationLandscapeRight";
				LD_RUNPATH_SEARCH_PATHS = (
					"$(inherited)",
					"@executable_path/Frameworks",
				);
				MARKETING_VERSION = 1.0;
				PRODUCT_BUNDLE_IDENTIFIER = "com.poyi.VariablesConstants.GOONS-Searching";
				PRODUCT_NAME = "$(TARGET_NAME)";
				SWIFT_EMIT_LOC_STRINGS = YES;
				SWIFT_VERSION = 5.0;
				TARGETED_DEVICE_FAMILY = "1,2";
			};
			name = Debug;
		};
		7D77F40C2AC0857900359846 /* Release */ = {
			isa = XCBuildConfiguration;
			baseConfigurationReference = 4B2074764CDF4C6FAFA3BA5F /* Pods-GOONS_Searching.release.xcconfig */;
			buildSettings = {
				ASSETCATALOG_COMPILER_APPICON_NAME = AppIcon;
				ASSETCATALOG_COMPILER_GLOBAL_ACCENT_COLOR_NAME = AccentColor;
				CODE_SIGN_STYLE = Automatic;
				CURRENT_PROJECT_VERSION = 1;
				GENERATE_INFOPLIST_FILE = YES;
				INFOPLIST_FILE = GOONS_Searching/Info.plist;
				INFOPLIST_KEY_UIApplicationSupportsIndirectInputEvents = YES;
				INFOPLIST_KEY_UILaunchStoryboardName = LaunchScreen;
				INFOPLIST_KEY_UIMainStoryboardFile = Main;
				INFOPLIST_KEY_UISupportedInterfaceOrientations_iPad = "UIInterfaceOrientationPortrait UIInterfaceOrientationPortraitUpsideDown UIInterfaceOrientationLandscapeLeft UIInterfaceOrientationLandscapeRight";
				INFOPLIST_KEY_UISupportedInterfaceOrientations_iPhone = "UIInterfaceOrientationPortrait UIInterfaceOrientationLandscapeLeft UIInterfaceOrientationLandscapeRight";
				LD_RUNPATH_SEARCH_PATHS = (
					"$(inherited)",
					"@executable_path/Frameworks",
				);
				MARKETING_VERSION = 1.0;
				PRODUCT_BUNDLE_IDENTIFIER = "com.poyi.VariablesConstants.GOONS-Searching";
				PRODUCT_NAME = "$(TARGET_NAME)";
				SWIFT_EMIT_LOC_STRINGS = YES;
				SWIFT_VERSION = 5.0;
				TARGETED_DEVICE_FAMILY = "1,2";
			};
			name = Release;
		};
/* End XCBuildConfiguration section */

/* Begin XCConfigurationList section */
		7D77F3F12AC0857700359846 /* Build configuration list for PBXProject "GOONS_Searching" */ = {
			isa = XCConfigurationList;
			buildConfigurations = (
				7D77F4082AC0857900359846 /* Debug */,
				7D77F4092AC0857900359846 /* Release */,
			);
			defaultConfigurationIsVisible = 0;
			defaultConfigurationName = Release;
		};
		7D77F40A2AC0857900359846 /* Build configuration list for PBXNativeTarget "GOONS_Searching" */ = {
			isa = XCConfigurationList;
			buildConfigurations = (
				7D77F40B2AC0857900359846 /* Debug */,
				7D77F40C2AC0857900359846 /* Release */,
			);
			defaultConfigurationIsVisible = 0;
			defaultConfigurationName = Release;
		};
/* End XCConfigurationList section */
	};
	rootObject = 7D77F3EE2AC0857700359846 /* Project object */;
}
